
Microsoft Visual Studio Solution File, Format Version 12.00
# Visual Studio Version 16
VisualStudioVersion = 16.0.32407.337
MinimumVisualStudioVersion = 10.0.40219.1
Project("{FAE04EC0-301F-11D3-BF4B-00C04F79EFBC}") = "Sale of motor vehicles", "Sale-of-motor-vehicles\Sale of motor vehicles.csproj", "{013BFDD8-DD46-48F6-A4A8-23623DA4C547}"
EndProject
Project("{FAE04EC0-301F-11D3-BF4B-00C04F79EFBC}") = "SalesServer", "SalesServer\SalesServer.csproj", "{F06309BF-0270-471C-9E69-58D24C3608FE}"
EndProject
Global
	GlobalSection(SolutionConfigurationPlatforms) = preSolution
		Debug|Any CPU = Debug|Any CPU
		Release|Any CPU = Release|Any CPU
	EndGlobalSection
	GlobalSection(ProjectConfigurationPlatforms) = postSolution
		{013BFDD8-DD46-48F6-A4A8-23623DA4C547}.Debug|Any CPU.ActiveCfg = Debug|Any CPU
		{013BFDD8-DD46-48F6-A4A8-23623DA4C547}.Debug|Any CPU.Build.0 = Debug|Any CPU
		{013BFDD8-DD46-48F6-A4A8-23623DA4C547}.Release|Any CPU.ActiveCfg = Release|Any CPU
		{013BFDD8-DD46-48F6-A4A8-23623DA4C547}.Release|Any CPU.Build.0 = Release|Any CPU
		{F06309BF-0270-471C-9E69-58D24C3608FE}.Debug|Any CPU.ActiveCfg = Debug|Any CPU
		{F06309BF-0270-471C-9E69-58D24C3608FE}.Debug|Any CPU.Build.0 = Debug|Any CPU
		{F06309BF-0270-471C-9E69-58D24C3608FE}.Release|Any CPU.ActiveCfg = Release|Any CPU
		{F06309BF-0270-471C-9E69-58D24C3608FE}.Release|Any CPU.Build.0 = Release|Any CPU
	EndGlobalSection
	GlobalSection(SolutionProperties) = preSolution
		HideSolutionNode = FALSE
	EndGlobalSection
	GlobalSection(ExtensibilityGlobals) = postSolution
		SolutionGuid = {FB846216-CF6E-4226-BCBD-3E360C7BFCA4}
	EndGlobalSection
EndGlobal
